
Microsoft Visual Studio Solution File, Format Version 12.00
# Visual Studio 15
VisualStudioVersion = 15.0.27428.2005
MinimumVisualStudioVersion = 10.0.40219.1
Project("{9A19103F-16F7-4668-BE54-9A1E7A4F7556}") = "MediatorSample.CustomerApi", "MediatorSample.Customer\MediatorSample.CustomerApi.csproj", "{EBD5D5D0-EF6F-42C4-A9CE-0670BB220EA4}"
EndProject
Global
	GlobalSection(SolutionConfigurationPlatforms) = preSolution
		Debug|Any CPU = Debug|Any CPU
		Release|Any CPU = Release|Any CPU
	EndGlobalSection
	GlobalSection(ProjectConfigurationPlatforms) = postSolution
		{EBD5D5D0-EF6F-42C4-A9CE-0670BB220EA4}.Debug|Any CPU.ActiveCfg = Debug|Any CPU
		{EBD5D5D0-EF6F-42C4-A9CE-0670BB220EA4}.Debug|Any CPU.Build.0 = Debug|Any CPU
		{EBD5D5D0-EF6F-42C4-A9CE-0670BB220EA4}.Release|Any CPU.ActiveCfg = Release|Any CPU
		{EBD5D5D0-EF6F-42C4-A9CE-0670BB220EA4}.Release|Any CPU.Build.0 = Release|Any CPU
	EndGlobalSection
	GlobalSection(SolutionProperties) = preSolution
		HideSolutionNode = FALSE
	EndGlobalSection
	GlobalSection(ExtensibilityGlobals) = postSolution
		SolutionGuid = {0A0C87B0-B4E5-4140-9C9B-30427763728D}
	EndGlobalSection
EndGlobal
